// !$*UTF8*$!
{
	archiveVersion = 1;
	classes = {
	};
	objectVersion = 46;
	objects = {

/* Begin PBXBuildFile section */
		046F4C4F205EF81B00BB453F /* ViewController.swift in Sources */ = {isa = PBXBuildFile; fileRef = 9AEFC4091F7080E900E53319 /* ViewController.swift */; };
		5FE7157884D871F85D79D125 /* Pods_MQTT_Client_Sample.framework in Frameworks */ = {isa = PBXBuildFile; fileRef = CE490015F9B94440B61437C6 /* Pods_MQTT_Client_Sample.framework */; };
		9AEFC4081F7080E900E53319 /* AppDelegate.swift in Sources */ = {isa = PBXBuildFile; fileRef = 9AEFC4071F7080E900E53319 /* AppDelegate.swift */; };
		9AEFC40D1F7080E900E53319 /* Main.storyboard in Resources */ = {isa = PBXBuildFile; fileRef = 9AEFC40B1F7080E900E53319 /* Main.storyboard */; };
		9AEFC40F1F7080E900E53319 /* Assets.xcassets in Resources */ = {isa = PBXBuildFile; fileRef = 9AEFC40E1F7080E900E53319 /* Assets.xcassets */; };
		9AEFC4121F7080E900E53319 /* LaunchScreen.storyboard in Resources */ = {isa = PBXBuildFile; fileRef = 9AEFC4101F7080E900E53319 /* LaunchScreen.storyboard */; };
/* End PBXBuildFile section */

/* Begin PBXFileReference section */
		9AEFC4041F7080E900E53319 /* MQTT Client Sample.app */ = {isa = PBXFileReference; explicitFileType = wrapper.application; includeInIndex = 0; path = "MQTT Client Sample.app"; sourceTree = BUILT_PRODUCTS_DIR; };
		9AEFC4071F7080E900E53319 /* AppDelegate.swift */ = {isa = PBXFileReference; lastKnownFileType = sourcecode.swift; path = AppDelegate.swift; sourceTree = "<group>"; };
		9AEFC4091F7080E900E53319 /* ViewController.swift */ = {isa = PBXFileReference; lastKnownFileType = sourcecode.swift; path = ViewController.swift; sourceTree = "<group>"; };
		9AEFC40C1F7080E900E53319 /* Base */ = {isa = PBXFileReference; lastKnownFileType = file.storyboard; name = Base; path = Base.lproj/Main.storyboard; sourceTree = "<group>"; };
		9AEFC40E1F7080E900E53319 /* Assets.xcassets */ = {isa = PBXFileReference; lastKnownFileType = folder.assetcatalog; path = Assets.xcassets; sourceTree = "<group>"; };
		9AEFC4111F7080E900E53319 /* Base */ = {isa = PBXFileReference; lastKnownFileType = file.storyboard; name = Base; path = Base.lproj/LaunchScreen.storyboard; sourceTree = "<group>"; };
		9AEFC4131F7080E900E53319 /* Info.plist */ = {isa = PBXFileReference; lastKnownFileType = text.plist.xml; path = Info.plist; sourceTree = "<group>"; };
		9AEFC4B51F70921500E53319 /* MQTT Client Sample-Bridging-Header.h */ = {isa = PBXFileReference; lastKnownFileType = sourcecode.c.h; path = "MQTT Client Sample-Bridging-Header.h"; sourceTree = "<group>"; };
		B531E178D4CF0412F7608891 /* Pods-MQTT Client Sample.debug.xcconfig */ = {isa = PBXFileReference; includeInIndex = 1; lastKnownFileType = text.xcconfig; name = "Pods-MQTT Client Sample.debug.xcconfig"; path = "Pods/Target Support Files/Pods-MQTT Client Sample/Pods-MQTT Client Sample.debug.xcconfig"; sourceTree = "<group>"; };
		CE490015F9B94440B61437C6 /* Pods_MQTT_Client_Sample.framework */ = {isa = PBXFileReference; explicitFileType = wrapper.framework; includeInIndex = 0; path = Pods_MQTT_Client_Sample.framework; sourceTree = BUILT_PRODUCTS_DIR; };
		EECE9C2FEA1FF3CA05016AFB /* Pods-MQTT Client Sample.release.xcconfig */ = {isa = PBXFileReference; includeInIndex = 1; lastKnownFileType = text.xcconfig; name = "Pods-MQTT Client Sample.release.xcconfig"; path = "Pods/Target Support Files/Pods-MQTT Client Sample/Pods-MQTT Client Sample.release.xcconfig"; sourceTree = "<group>"; };
/* End PBXFileReference section */

/* Begin PBXFrameworksBuildPhase section */
		9AEFC4011F7080E900E53319 /* Frameworks */ = {
			isa = PBXFrameworksBuildPhase;
			buildActionMask = 2147483647;
			files = (
				5FE7157884D871F85D79D125 /* Pods_MQTT_Client_Sample.framework in Frameworks */,
			);
			runOnlyForDeploymentPostprocessing = 0;
		};
/* End PBXFrameworksBuildPhase section */

/* Begin PBXGroup section */
		3E7BB537B92E397AB037AE9E /* Frameworks */ = {
			isa = PBXGroup;
			children = (
				CE490015F9B94440B61437C6 /* Pods_MQTT_Client_Sample.framework */,
			);
			name = Frameworks;
			sourceTree = "<group>";
		};
		9AEFC3FB1F7080E900E53319 = {
			isa = PBXGroup;
			children = (
				9AEFC4061F7080E900E53319 /* MQTT Client Sample */,
				9AEFC4051F7080E900E53319 /* Products */,
				9AEFC4B51F70921500E53319 /* MQTT Client Sample-Bridging-Header.h */,
				A2CB50324648BB34D70EF39B /* Pods */,
				3E7BB537B92E397AB037AE9E /* Frameworks */,
			);
			sourceTree = "<group>";
		};
		9AEFC4051F7080E900E53319 /* Products */ = {
			isa = PBXGroup;
			children = (
				9AEFC4041F7080E900E53319 /* MQTT Client Sample.app */,
			);
			name = Products;
			sourceTree = "<group>";
		};
		9AEFC4061F7080E900E53319 /* MQTT Client Sample */ = {
			isa = PBXGroup;
			children = (
				9AEFC4071F7080E900E53319 /* AppDelegate.swift */,
				9AEFC4091F7080E900E53319 /* ViewController.swift */,
				9AEFC40B1F7080E900E53319 /* Main.storyboard */,
				9AEFC40E1F7080E900E53319 /* Assets.xcassets */,
				9AEFC4101F7080E900E53319 /* LaunchScreen.storyboard */,
				9AEFC4131F7080E900E53319 /* Info.plist */,
			);
			path = "MQTT Client Sample";
			sourceTree = "<group>";
		};
		A2CB50324648BB34D70EF39B /* Pods */ = {
			isa = PBXGroup;
			children = (
				B531E178D4CF0412F7608891 /* Pods-MQTT Client Sample.debug.xcconfig */,
				EECE9C2FEA1FF3CA05016AFB /* Pods-MQTT Client Sample.release.xcconfig */,
			);
			name = Pods;
			sourceTree = "<group>";
		};
/* End PBXGroup section */

/* Begin PBXNativeTarget section */
		9AEFC4031F7080E900E53319 /* MQTT Client Sample */ = {
			isa = PBXNativeTarget;
			buildConfigurationList = 9AEFC4161F7080E900E53319 /* Build configuration list for PBXNativeTarget "MQTT Client Sample" */;
			buildPhases = (
				BFAA78103DBF238EFE035967 /* [CP] Check Pods Manifest.lock */,
				9AEFC4001F7080E900E53319 /* Sources */,
				9AEFC4011F7080E900E53319 /* Frameworks */,
				9AEFC4021F7080E900E53319 /* Resources */,
				3766AA2A3536535815D2F492 /* [CP] Embed Pods Frameworks */,
				B190CE20EE4FA10D807AC7E2 /* [CP] Copy Pods Resources */,
			);
			buildRules = (
			);
			dependencies = (
			);
			name = "MQTT Client Sample";
			productName = "MQTT Client Sample";
			productReference = 9AEFC4041F7080E900E53319 /* MQTT Client Sample.app */;
			productType = "com.apple.product-type.application";
		};
/* End PBXNativeTarget section */

/* Begin PBXProject section */
		9AEFC3FC1F7080E900E53319 /* Project object */ = {
			isa = PBXProject;
			attributes = {
				LastSwiftUpdateCheck = 0830;
				LastUpgradeCheck = 0920;
				ORGANIZATIONNAME = "Mark Radbourne";
				TargetAttributes = {
					9AEFC4031F7080E900E53319 = {
						CreatedOnToolsVersion = 8.3.3;
						DevelopmentTeam = UBF8T346G9;
						LastSwiftMigration = 0920;
						ProvisioningStyle = Automatic;
					};
				};
			};
			buildConfigurationList = 9AEFC3FF1F7080E900E53319 /* Build configuration list for PBXProject "MQTT Client Sample" */;
			compatibilityVersion = "Xcode 3.2";
			developmentRegion = English;
			hasScannedForEncodings = 0;
			knownRegions = (
				en,
				Base,
			);
			mainGroup = 9AEFC3FB1F7080E900E53319;
			productRefGroup = 9AEFC4051F7080E900E53319 /* Products */;
			projectDirPath = "";
			projectRoot = "";
			targets = (
				9AEFC4031F7080E900E53319 /* MQTT Client Sample */,
			);
		};
/* End PBXProject section */

/* Begin PBXResourcesBuildPhase section */
		9AEFC4021F7080E900E53319 /* Resources */ = {
			isa = PBXResourcesBuildPhase;
			buildActionMask = 2147483647;
			files = (
				9AEFC4121F7080E900E53319 /* LaunchScreen.storyboard in Resources */,
				9AEFC40F1F7080E900E53319 /* Assets.xcassets in Resources */,
				9AEFC40D1F7080E900E53319 /* Main.storyboard in Resources */,
			);
			runOnlyForDeploymentPostprocessing = 0;
		};
/* End PBXResourcesBuildPhase section */

/* Begin PBXShellScriptBuildPhase section */
		3766AA2A3536535815D2F492 /* [CP] Embed Pods Frameworks */ = {
			isa = PBXShellScriptBuildPhase;
			buildActionMask = 2147483647;
			files = (
			);
			inputPaths = (
				"${SRCROOT}/Pods/Target Support Files/Pods-MQTT Client Sample/Pods-MQTT Client Sample-frameworks.sh",
				"${BUILT_PRODUCTS_DIR}/AzureIoTHubClient/AzureIoTHubClient.framework",
				"${BUILT_PRODUCTS_DIR}/AzureIoTUtility/AzureIoTUtility.framework",
				"${BUILT_PRODUCTS_DIR}/AzureIoTuAmqp/AzureIoTuAmqp.framework",
				"${BUILT_PRODUCTS_DIR}/AzureIoTuMqtt/AzureIoTuMqtt.framework",
			);
			name = "[CP] Embed Pods Frameworks";
			outputPaths = (
				"${TARGET_BUILD_DIR}/${FRAMEWORKS_FOLDER_PATH}/AzureIoTHubClient.framework",
				"${TARGET_BUILD_DIR}/${FRAMEWORKS_FOLDER_PATH}/AzureIoTUtility.framework",
				"${TARGET_BUILD_DIR}/${FRAMEWORKS_FOLDER_PATH}/AzureIoTuAmqp.framework",
				"${TARGET_BUILD_DIR}/${FRAMEWORKS_FOLDER_PATH}/AzureIoTuMqtt.framework",
			);
			runOnlyForDeploymentPostprocessing = 0;
			shellPath = /bin/sh;
			shellScript = "\"${SRCROOT}/Pods/Target Support Files/Pods-MQTT Client Sample/Pods-MQTT Client Sample-frameworks.sh\"\n";
			showEnvVarsInLog = 0;
		};
		B190CE20EE4FA10D807AC7E2 /* [CP] Copy Pods Resources */ = {
			isa = PBXShellScriptBuildPhase;
			buildActionMask = 2147483647;
			files = (
			);
			inputPaths = (
			);
			name = "[CP] Copy Pods Resources";
			outputPaths = (
			);
			runOnlyForDeploymentPostprocessing = 0;
			shellPath = /bin/sh;
			shellScript = "\"${SRCROOT}/Pods/Target Support Files/Pods-MQTT Client Sample/Pods-MQTT Client Sample-resources.sh\"\n";
			showEnvVarsInLog = 0;
		};
		BFAA78103DBF238EFE035967 /* [CP] Check Pods Manifest.lock */ = {
			isa = PBXShellScriptBuildPhase;
			buildActionMask = 2147483647;
			files = (
			);
			inputPaths = (
				"${PODS_PODFILE_DIR_PATH}/Podfile.lock",
				"${PODS_ROOT}/Manifest.lock",
			);
			name = "[CP] Check Pods Manifest.lock";
			outputPaths = (
				"$(DERIVED_FILE_DIR)/Pods-MQTT Client Sample-checkManifestLockResult.txt",
			);
			runOnlyForDeploymentPostprocessing = 0;
			shellPath = /bin/sh;
			shellScript = "diff \"${PODS_PODFILE_DIR_PATH}/Podfile.lock\" \"${PODS_ROOT}/Manifest.lock\" > /dev/null\nif [ $? != 0 ] ; then\n    # print error to STDERR\n    echo \"error: The sandbox is not in sync with the Podfile.lock. Run 'pod install' or update your CocoaPods installation.\" >&2\n    exit 1\nfi\n# This output is used by Xcode 'outputs' to avoid re-running this script phase.\necho \"SUCCESS\" > \"${SCRIPT_OUTPUT_FILE_0}\"\n";
			showEnvVarsInLog = 0;
		};
/* End PBXShellScriptBuildPhase section */

/* Begin PBXSourcesBuildPhase section */
		9AEFC4001F7080E900E53319 /* Sources */ = {
			isa = PBXSourcesBuildPhase;
			buildActionMask = 2147483647;
			files = (
				046F4C4F205EF81B00BB453F /* ViewController.swift in Sources */,
				9AEFC4081F7080E900E53319 /* AppDelegate.swift in Sources */,
			);
			runOnlyForDeploymentPostprocessing = 0;
		};
/* End PBXSourcesBuildPhase section */

/* Begin PBXVariantGroup section */
		9AEFC40B1F7080E900E53319 /* Main.storyboard */ = {
			isa = PBXVariantGroup;
			children = (
				9AEFC40C1F7080E900E53319 /* Base */,
			);
			name = Main.storyboard;
			sourceTree = "<group>";
		};
		9AEFC4101F7080E900E53319 /* LaunchScreen.storyboard */ = {
			isa = PBXVariantGroup;
			children = (
				9AEFC4111F7080E900E53319 /* Base */,
			);
			name = LaunchScreen.storyboard;
			sourceTree = "<group>";
		};
/* End PBXVariantGroup section */

/* Begin XCBuildConfiguration section */
		9AEFC4141F7080E900E53319 /* Debug */ = {
			isa = XCBuildConfiguration;
			buildSettings = {
				ALWAYS_SEARCH_USER_PATHS = NO;
				CLANG_ANALYZER_NONNULL = YES;
				CLANG_ANALYZER_NUMBER_OBJECT_CONVERSION = YES_AGGRESSIVE;
				CLANG_CXX_LANGUAGE_STANDARD = "gnu++0x";
				CLANG_CXX_LIBRARY = "libc++";
				CLANG_ENABLE_MODULES = YES;
				CLANG_ENABLE_OBJC_ARC = YES;
				CLANG_WARN_BLOCK_CAPTURE_AUTORELEASING = YES;
				CLANG_WARN_BOOL_CONVERSION = YES;
				CLANG_WARN_COMMA = YES;
				CLANG_WARN_CONSTANT_CONVERSION = YES;
				CLANG_WARN_DIRECT_OBJC_ISA_USAGE = YES_ERROR;
				CLANG_WARN_DOCUMENTATION_COMMENTS = YES;
				CLANG_WARN_EMPTY_BODY = YES;
				CLANG_WARN_ENUM_CONVERSION = YES;
				CLANG_WARN_INFINITE_RECURSION = YES;
				CLANG_WARN_INT_CONVERSION = YES;
				CLANG_WARN_NON_LITERAL_NULL_CONVERSION = YES;
				CLANG_WARN_OBJC_LITERAL_CONVERSION = YES;
				CLANG_WARN_OBJC_ROOT_CLASS = YES_ERROR;
				CLANG_WARN_RANGE_LOOP_ANALYSIS = YES;
				CLANG_WARN_STRICT_PROTOTYPES = YES;
				CLANG_WARN_SUSPICIOUS_MOVE = YES;
				CLANG_WARN_UNREACHABLE_CODE = YES;
				CLANG_WARN__DUPLICATE_METHOD_MATCH = YES;
				"CODE_SIGN_IDENTITY[sdk=iphoneos*]" = "iPhone Developer";
				COPY_PHASE_STRIP = NO;
				DEBUG_INFORMATION_FORMAT = dwarf;
				ENABLE_STRICT_OBJC_MSGSEND = YES;
				ENABLE_TESTABILITY = YES;
				GCC_C_LANGUAGE_STANDARD = gnu99;
				GCC_DYNAMIC_NO_PIC = NO;
				GCC_NO_COMMON_BLOCKS = YES;
				GCC_OPTIMIZATION_LEVEL = 0;
				GCC_PREPROCESSOR_DEFINITIONS = (
					"DEBUG=1",
					"$(inherited)",
				);
				GCC_WARN_64_TO_32_BIT_CONVERSION = YES;
				GCC_WARN_ABOUT_RETURN_TYPE = YES_ERROR;
				GCC_WARN_UNDECLARED_SELECTOR = YES;
				GCC_WARN_UNINITIALIZED_AUTOS = YES_AGGRESSIVE;
				GCC_WARN_UNUSED_FUNCTION = YES;
				GCC_WARN_UNUSED_VARIABLE = YES;
				HEADER_SEARCH_PATHS = "";
				IPHONEOS_DEPLOYMENT_TARGET = 11.2;
				LIBRARY_SEARCH_PATHS = "";
				MTL_ENABLE_DEBUG_INFO = YES;
				ONLY_ACTIVE_ARCH = YES;
				SDKROOT = iphoneos;
				SWIFT_ACTIVE_COMPILATION_CONDITIONS = DEBUG;
				SWIFT_OPTIMIZATION_LEVEL = "-Onone";
				TARGETED_DEVICE_FAMILY = "1,2";
				USER_HEADER_SEARCH_PATHS = "../../azureiotiosbuild/azureout/include/azureiot ../../azureiotiosbuild/azureout/include";
			};
			name = Debug;
		};
		9AEFC4151F7080E900E53319 /* Release */ = {
			isa = XCBuildConfiguration;
			buildSettings = {
				ALWAYS_SEARCH_USER_PATHS = NO;
				CLANG_ANALYZER_NONNULL = YES;
				CLANG_ANALYZER_NUMBER_OBJECT_CONVERSION = YES_AGGRESSIVE;
				CLANG_CXX_LANGUAGE_STANDARD = "gnu++0x";
				CLANG_CXX_LIBRARY = "libc++";
				CLANG_ENABLE_MODULES = YES;
				CLANG_ENABLE_OBJC_ARC = YES;
				CLANG_WARN_BLOCK_CAPTURE_AUTORELEASING = YES;
				CLANG_WARN_BOOL_CONVERSION = YES;
				CLANG_WARN_COMMA = YES;
				CLANG_WARN_CONSTANT_CONVERSION = YES;
				CLANG_WARN_DIRECT_OBJC_ISA_USAGE = YES_ERROR;
				CLANG_WARN_DOCUMENTATION_COMMENTS = YES;
				CLANG_WARN_EMPTY_BODY = YES;
				CLANG_WARN_ENUM_CONVERSION = YES;
				CLANG_WARN_INFINITE_RECURSION = YES;
				CLANG_WARN_INT_CONVERSION = YES;
				CLANG_WARN_NON_LITERAL_NULL_CONVERSION = YES;
				CLANG_WARN_OBJC_LITERAL_CONVERSION = YES;
				CLANG_WARN_OBJC_ROOT_CLASS = YES_ERROR;
				CLANG_WARN_RANGE_LOOP_ANALYSIS = YES;
				CLANG_WARN_STRICT_PROTOTYPES = YES;
				CLANG_WARN_SUSPICIOUS_MOVE = YES;
				CLANG_WARN_UNREACHABLE_CODE = YES;
				CLANG_WARN__DUPLICATE_METHOD_MATCH = YES;
				"CODE_SIGN_IDENTITY[sdk=iphoneos*]" = "iPhone Developer";
				COPY_PHASE_STRIP = NO;
				DEBUG_INFORMATION_FORMAT = "dwarf-with-dsym";
				ENABLE_NS_ASSERTIONS = NO;
				ENABLE_STRICT_OBJC_MSGSEND = YES;
				GCC_C_LANGUAGE_STANDARD = gnu99;
				GCC_NO_COMMON_BLOCKS = YES;
				GCC_WARN_64_TO_32_BIT_CONVERSION = YES;
				GCC_WARN_ABOUT_RETURN_TYPE = YES_ERROR;
				GCC_WARN_UNDECLARED_SELECTOR = YES;
				GCC_WARN_UNINITIALIZED_AUTOS = YES_AGGRESSIVE;
				GCC_WARN_UNUSED_FUNCTION = YES;
				GCC_WARN_UNUSED_VARIABLE = YES;
				HEADER_SEARCH_PATHS = "";
				IPHONEOS_DEPLOYMENT_TARGET = 11.2;
				LIBRARY_SEARCH_PATHS = "";
				MTL_ENABLE_DEBUG_INFO = NO;
				SDKROOT = iphoneos;
				SWIFT_OPTIMIZATION_LEVEL = "-Owholemodule";
				TARGETED_DEVICE_FAMILY = "1,2";
				USER_HEADER_SEARCH_PATHS = "../../azureiotiosbuild/azureout/include/azureiot ../../azureiotiosbuild/azureout/include";
				VALIDATE_PRODUCT = YES;
				VALID_ARCHS = arm64 arm64e armv7 armv7s x86_64;
			};
			name = Release;
		};
		9AEFC4171F7080E900E53319 /* Debug */ = {
			isa = XCBuildConfiguration;
			baseConfigurationReference = B531E178D4CF0412F7608891 /* Pods-MQTT Client Sample.debug.xcconfig */;
			buildSettings = {
				ASSETCATALOG_COMPILER_APPICON_NAME = AppIcon;
				CLANG_ENABLE_MODULES = YES;
				DEVELOPMENT_TEAM = UBF8T346G9;
				INFOPLIST_FILE = "MQTT Client Sample/Info.plist";
				IPHONEOS_DEPLOYMENT_TARGET = 10.2;
				LD_RUNPATH_SEARCH_PATHS = "$(inherited) @executable_path/Frameworks";
				PRODUCT_BUNDLE_IDENTIFIER = "Microsoft.MQTT-Client-Sample";
				PRODUCT_NAME = "$(TARGET_NAME)";
				SWIFT_OBJC_BRIDGING_HEADER = "MQTT Client Sample-Bridging-Header.h";
				SWIFT_OPTIMIZATION_LEVEL = "-Onone";
				SWIFT_SWIFT3_OBJC_INFERENCE = Default;
				SWIFT_VERSION = 4.0;
				VALID_ARCHS = arm64;
			};
			name = Debug;
		};
		9AEFC4181F7080E900E53319 /* Release */ = {
			isa = XCBuildConfiguration;
			baseConfigurationReference = EECE9C2FEA1FF3CA05016AFB /* Pods-MQTT Client Sample.release.xcconfig */;
			buildSettings = {
				ASSETCATALOG_COMPILER_APPICON_NAME = AppIcon;
				CLANG_ENABLE_MODULES = YES;
				DEVELOPMENT_TEAM = UBF8T346G9;
				INFOPLIST_FILE = "MQTT Client Sample/Info.plist";
				IPHONEOS_DEPLOYMENT_TARGET = 10.2;
				LD_RUNPATH_SEARCH_PATHS = "$(inherited) @executable_path/Frameworks";
				PRODUCT_BUNDLE_IDENTIFIER = "Microsoft.MQTT-Client-Sample";
				PRODUCT_NAME = "$(TARGET_NAME)";
				SWIFT_OBJC_BRIDGING_HEADER = "MQTT Client Sample-Bridging-Header.h";
				SWIFT_SWIFT3_OBJC_INFERENCE = Default;
				SWIFT_VERSION = 4.0;
			};
			name = Release;
		};
/* End XCBuildConfiguration section */

/* Begin XCConfigurationList section */
		9AEFC3FF1F7080E900E53319 /* Build configuration list for PBXProject "MQTT Client Sample" */ = {
			isa = XCConfigurationList;
			buildConfigurations = (
				9AEFC4141F7080E900E53319 /* Debug */,
				9AEFC4151F7080E900E53319 /* Release */,
			);
			defaultConfigurationIsVisible = 0;
			defaultConfigurationName = Release;
		};
		9AEFC4161F7080E900E53319 /* Build configuration list for PBXNativeTarget "MQTT Client Sample" */ = {
			isa = XCConfigurationList;
			buildConfigurations = (
				9AEFC4171F7080E900E53319 /* Debug */,
				9AEFC4181F7080E900E53319 /* Release */,
			);
			defaultConfigurationIsVisible = 0;
			defaultConfigurationName = Release;
		};
/* End XCConfigurationList section */
	};
	rootObject = 9AEFC3FC1F7080E900E53319 /* Project object */;
}
